
Microsoft Visual Studio Solution File, Format Version 12.00
Project("{FAE04EC0-301F-11D3-BF4B-00C04F79EFBC}") = "Web3Studio.Evm", "Web3Studio.Evm\Web3Studio.Evm.csproj", "{D70307B2-50D7-487E-8F24-76C7B675ED56}"
EndProject
Global
	GlobalSection(SolutionConfigurationPlatforms) = preSolution
		Debug|Any CPU = Debug|Any CPU
		Release|Any CPU = Release|Any CPU
	EndGlobalSection
	GlobalSection(ProjectConfigurationPlatforms) = postSolution
		{D70307B2-50D7-487E-8F24-76C7B675ED56}.Debug|Any CPU.ActiveCfg = Debug|Any CPU
		{D70307B2-50D7-487E-8F24-76C7B675ED56}.Debug|Any CPU.Build.0 = Debug|Any CPU
		{D70307B2-50D7-487E-8F24-76C7B675ED56}.Release|Any CPU.ActiveCfg = Release|Any CPU
		{D70307B2-50D7-487E-8F24-76C7B675ED56}.Release|Any CPU.Build.0 = Release|Any CPU
	EndGlobalSection
EndGlobal
